// !$*UTF8*$!
{
	archiveVersion = 1;
	classes = {
	};
	objectVersion = 51;
	objects = {

/* Begin PBXBuildFile section */
		A427F30523DD0756009535AA /* AppDelegate.swift in Sources */ = {isa = PBXBuildFile; fileRef = A427F30423DD0756009535AA /* AppDelegate.swift */; };
		A427F30723DD0756009535AA /* SceneDelegate.swift in Sources */ = {isa = PBXBuildFile; fileRef = A427F30623DD0756009535AA /* SceneDelegate.swift */; };
		A427F30923DD0756009535AA /* MainViewController.swift in Sources */ = {isa = PBXBuildFile; fileRef = A427F30823DD0756009535AA /* MainViewController.swift */; };
		A427F30C23DD0756009535AA /* Main.storyboard in Resources */ = {isa = PBXBuildFile; fileRef = A427F30A23DD0756009535AA /* Main.storyboard */; };
		A427F30E23DD0759009535AA /* Assets.xcassets in Resources */ = {isa = PBXBuildFile; fileRef = A427F30D23DD0759009535AA /* Assets.xcassets */; };
		A427F31123DD0759009535AA /* LaunchScreen.storyboard in Resources */ = {isa = PBXBuildFile; fileRef = A427F30F23DD0759009535AA /* LaunchScreen.storyboard */; };
		A427F31923DD215C009535AA /* GoogleService-Info.plist in Resources */ = {isa = PBXBuildFile; fileRef = A427F31823DD215C009535AA /* GoogleService-Info.plist */; };
		A427F32023DD4C59009535AA /* ResultViewController.swift in Sources */ = {isa = PBXBuildFile; fileRef = A427F31F23DD4C59009535AA /* ResultViewController.swift */; };
		AB437894DC01156B800C417D /* Pods_QWER_Hacks_Project.framework in Frameworks */ = {isa = PBXBuildFile; fileRef = 93AD03B2858919EC846900AD /* Pods_QWER_Hacks_Project.framework */; };
/* End PBXBuildFile section */

/* Begin PBXFileReference section */
		769CF4120171E13142E2EFB8 /* Pods-QWER-Hacks Project.release.xcconfig */ = {isa = PBXFileReference; includeInIndex = 1; lastKnownFileType = text.xcconfig; name = "Pods-QWER-Hacks Project.release.xcconfig"; path = "Target Support Files/Pods-QWER-Hacks Project/Pods-QWER-Hacks Project.release.xcconfig"; sourceTree = "<group>"; };
		7FD8DA989DB163AE8CC08590 /* Pods-QWER-Hacks Project.debug.xcconfig */ = {isa = PBXFileReference; includeInIndex = 1; lastKnownFileType = text.xcconfig; name = "Pods-QWER-Hacks Project.debug.xcconfig"; path = "Target Support Files/Pods-QWER-Hacks Project/Pods-QWER-Hacks Project.debug.xcconfig"; sourceTree = "<group>"; };
		93AD03B2858919EC846900AD /* Pods_QWER_Hacks_Project.framework */ = {isa = PBXFileReference; explicitFileType = wrapper.framework; includeInIndex = 0; path = Pods_QWER_Hacks_Project.framework; sourceTree = BUILT_PRODUCTS_DIR; };
		A427F30123DD0756009535AA /* BruinTrash.app */ = {isa = PBXFileReference; explicitFileType = wrapper.application; includeInIndex = 0; path = BruinTrash.app; sourceTree = BUILT_PRODUCTS_DIR; };
		A427F30423DD0756009535AA /* AppDelegate.swift */ = {isa = PBXFileReference; lastKnownFileType = sourcecode.swift; path = AppDelegate.swift; sourceTree = "<group>"; };
		A427F30623DD0756009535AA /* SceneDelegate.swift */ = {isa = PBXFileReference; lastKnownFileType = sourcecode.swift; path = SceneDelegate.swift; sourceTree = "<group>"; };
		A427F30823DD0756009535AA /* MainViewController.swift */ = {isa = PBXFileReference; lastKnownFileType = sourcecode.swift; path = MainViewController.swift; sourceTree = "<group>"; };
		A427F30B23DD0756009535AA /* Base */ = {isa = PBXFileReference; lastKnownFileType = file.storyboard; name = Base; path = Base.lproj/Main.storyboard; sourceTree = "<group>"; };
		A427F30D23DD0759009535AA /* Assets.xcassets */ = {isa = PBXFileReference; lastKnownFileType = folder.assetcatalog; path = Assets.xcassets; sourceTree = "<group>"; };
		A427F31023DD0759009535AA /* Base */ = {isa = PBXFileReference; lastKnownFileType = file.storyboard; name = Base; path = Base.lproj/LaunchScreen.storyboard; sourceTree = "<group>"; };
		A427F31223DD0759009535AA /* Info.plist */ = {isa = PBXFileReference; lastKnownFileType = text.plist.xml; path = Info.plist; sourceTree = "<group>"; };
		A427F31823DD215C009535AA /* GoogleService-Info.plist */ = {isa = PBXFileReference; fileEncoding = 4; lastKnownFileType = text.plist.xml; path = "GoogleService-Info.plist"; sourceTree = "<group>"; };
		A427F31F23DD4C59009535AA /* ResultViewController.swift */ = {isa = PBXFileReference; lastKnownFileType = sourcecode.swift; path = ResultViewController.swift; sourceTree = "<group>"; };
/* End PBXFileReference section */

/* Begin PBXFrameworksBuildPhase section */
		A427F2FE23DD0756009535AA /* Frameworks */ = {
			isa = PBXFrameworksBuildPhase;
			buildActionMask = 2147483647;
			files = (
				AB437894DC01156B800C417D /* Pods_QWER_Hacks_Project.framework in Frameworks */,
			);
			runOnlyForDeploymentPostprocessing = 0;
		};
/* End PBXFrameworksBuildPhase section */

/* Begin PBXGroup section */
		80E31FBC3034FFC48AFAC520 /* Frameworks */ = {
			isa = PBXGroup;
			children = (
				93AD03B2858919EC846900AD /* Pods_QWER_Hacks_Project.framework */,
			);
			name = Frameworks;
			sourceTree = "<group>";
		};
		A427F2F823DD0756009535AA = {
			isa = PBXGroup;
			children = (
				A427F30323DD0756009535AA /* QWER-Hacks Project */,
				A427F30223DD0756009535AA /* Products */,
				FD8E0FF8A69CF3DB489699B7 /* Pods */,
				80E31FBC3034FFC48AFAC520 /* Frameworks */,
			);
			sourceTree = "<group>";
		};
		A427F30223DD0756009535AA /* Products */ = {
			isa = PBXGroup;
			children = (
				A427F30123DD0756009535AA /* BruinTrash.app */,
			);
			name = Products;
			sourceTree = "<group>";
		};
		A427F30323DD0756009535AA /* QWER-Hacks Project */ = {
			isa = PBXGroup;
			children = (
				A427F30423DD0756009535AA /* AppDelegate.swift */,
				A427F30623DD0756009535AA /* SceneDelegate.swift */,
				A427F31A23DD22C7009535AA /* Model */,
				A427F31B23DD22CC009535AA /* View */,
				A427F31C23DD22D6009535AA /* Controller */,
				A427F30D23DD0759009535AA /* Assets.xcassets */,
				A427F31223DD0759009535AA /* Info.plist */,
				A427F31823DD215C009535AA /* GoogleService-Info.plist */,
			);
			path = "QWER-Hacks Project";
			sourceTree = "<group>";
		};
		A427F31A23DD22C7009535AA /* Model */ = {
			isa = PBXGroup;
			children = (
			);
			path = Model;
			sourceTree = "<group>";
		};
		A427F31B23DD22CC009535AA /* View */ = {
			isa = PBXGroup;
			children = (
				A427F30F23DD0759009535AA /* LaunchScreen.storyboard */,
				A427F30A23DD0756009535AA /* Main.storyboard */,
			);
			path = View;
			sourceTree = "<group>";
		};
		A427F31C23DD22D6009535AA /* Controller */ = {
			isa = PBXGroup;
			children = (
				A427F30823DD0756009535AA /* MainViewController.swift */,
				A427F31F23DD4C59009535AA /* ResultViewController.swift */,
			);
			path = Controller;
			sourceTree = "<group>";
		};
		FD8E0FF8A69CF3DB489699B7 /* Pods */ = {
			isa = PBXGroup;
			children = (
				7FD8DA989DB163AE8CC08590 /* Pods-QWER-Hacks Project.debug.xcconfig */,
				769CF4120171E13142E2EFB8 /* Pods-QWER-Hacks Project.release.xcconfig */,
			);
			path = Pods;
			sourceTree = "<group>";
		};
/* End PBXGroup section */

/* Begin PBXNativeTarget section */
		A427F30023DD0756009535AA /* QWER-Hacks Project */ = {
			isa = PBXNativeTarget;
			buildConfigurationList = A427F31523DD0759009535AA /* Build configuration list for PBXNativeTarget "QWER-Hacks Project" */;
			buildPhases = (
				D8CBE337A221CB34B5D6BCEE /* [CP] Check Pods Manifest.lock */,
				A427F2FD23DD0756009535AA /* Sources */,
				A427F2FE23DD0756009535AA /* Frameworks */,
				A427F2FF23DD0756009535AA /* Resources */,
				3FAA7B8E1177CA6ED483D23D /* [CP] Embed Pods Frameworks */,
			);
			buildRules = (
			);
			dependencies = (
			);
			name = "QWER-Hacks Project";
			productName = "QWER-Hacks Project";
			productReference = A427F30123DD0756009535AA /* BruinTrash.app */;
			productType = "com.apple.product-type.application";
		};
/* End PBXNativeTarget section */

/* Begin PBXProject section */
		A427F2F923DD0756009535AA /* Project object */ = {
			isa = PBXProject;
			attributes = {
				LastSwiftUpdateCheck = 1130;
				LastUpgradeCheck = 1130;
				ORGANIZATIONNAME = "Adithya Nair";
				TargetAttributes = {
					A427F30023DD0756009535AA = {
						CreatedOnToolsVersion = 11.3;
					};
				};
			};
			buildConfigurationList = A427F2FC23DD0756009535AA /* Build configuration list for PBXProject "QWER-Hacks Project" */;
			compatibilityVersion = "Xcode 9.3";
			developmentRegion = en;
			hasScannedForEncodings = 0;
			knownRegions = (
				en,
				Base,
			);
			mainGroup = A427F2F823DD0756009535AA;
			productRefGroup = A427F30223DD0756009535AA /* Products */;
			projectDirPath = "";
			projectRoot = "";
			targets = (
				A427F30023DD0756009535AA /* QWER-Hacks Project */,
			);
		};
/* End PBXProject section */

/* Begin PBXResourcesBuildPhase section */
		A427F2FF23DD0756009535AA /* Resources */ = {
			isa = PBXResourcesBuildPhase;
			buildActionMask = 2147483647;
			files = (
				A427F31123DD0759009535AA /* LaunchScreen.storyboard in Resources */,
				A427F31923DD215C009535AA /* GoogleService-Info.plist in Resources */,
				A427F30E23DD0759009535AA /* Assets.xcassets in Resources */,
				A427F30C23DD0756009535AA /* Main.storyboard in Resources */,
			);
			runOnlyForDeploymentPostprocessing = 0;
		};
/* End PBXResourcesBuildPhase section */

/* Begin PBXShellScriptBuildPhase section */
		3FAA7B8E1177CA6ED483D23D /* [CP] Embed Pods Frameworks */ = {
			isa = PBXShellScriptBuildPhase;
			buildActionMask = 2147483647;
			files = (
			);
			inputFileListPaths = (
				"${PODS_ROOT}/Target Support Files/Pods-QWER-Hacks Project/Pods-QWER-Hacks Project-frameworks-${CONFIGURATION}-input-files.xcfilelist",
			);
			name = "[CP] Embed Pods Frameworks";
			outputFileListPaths = (
				"${PODS_ROOT}/Target Support Files/Pods-QWER-Hacks Project/Pods-QWER-Hacks Project-frameworks-${CONFIGURATION}-output-files.xcfilelist",
			);
			runOnlyForDeploymentPostprocessing = 0;
			shellPath = /bin/sh;
			shellScript = "\"${PODS_ROOT}/Target Support Files/Pods-QWER-Hacks Project/Pods-QWER-Hacks Project-frameworks.sh\"\n";
			showEnvVarsInLog = 0;
		};
		D8CBE337A221CB34B5D6BCEE /* [CP] Check Pods Manifest.lock */ = {
			isa = PBXShellScriptBuildPhase;
			buildActionMask = 2147483647;
			files = (
			);
			inputFileListPaths = (
			);
			inputPaths = (
				"${PODS_PODFILE_DIR_PATH}/Podfile.lock",
				"${PODS_ROOT}/Manifest.lock",
			);
			name = "[CP] Check Pods Manifest.lock";
			outputFileListPaths = (
			);
			outputPaths = (
				"$(DERIVED_FILE_DIR)/Pods-QWER-Hacks Project-checkManifestLockResult.txt",
			);
			runOnlyForDeploymentPostprocessing = 0;
			shellPath = /bin/sh;
			shellScript = "diff \"${PODS_PODFILE_DIR_PATH}/Podfile.lock\" \"${PODS_ROOT}/Manifest.lock\" > /dev/null\nif [ $? != 0 ] ; then\n    # print error to STDERR\n    echo \"error: The sandbox is not in sync with the Podfile.lock. Run 'pod install' or update your CocoaPods installation.\" >&2\n    exit 1\nfi\n# This output is used by Xcode 'outputs' to avoid re-running this script phase.\necho \"SUCCESS\" > \"${SCRIPT_OUTPUT_FILE_0}\"\n";
			showEnvVarsInLog = 0;
		};
/* End PBXShellScriptBuildPhase section */

/* Begin PBXSourcesBuildPhase section */
		A427F2FD23DD0756009535AA /* Sources */ = {
			isa = PBXSourcesBuildPhase;
			buildActionMask = 2147483647;
			files = (
				A427F32023DD4C59009535AA /* ResultViewController.swift in Sources */,
				A427F30923DD0756009535AA /* MainViewController.swift in Sources */,
				A427F30523DD0756009535AA /* AppDelegate.swift in Sources */,
				A427F30723DD0756009535AA /* SceneDelegate.swift in Sources */,
			);
			runOnlyForDeploymentPostprocessing = 0;
		};
/* End PBXSourcesBuildPhase section */

/* Begin PBXVariantGroup section */
		A427F30A23DD0756009535AA /* Main.storyboard */ = {
			isa = PBXVariantGroup;
			children = (
				A427F30B23DD0756009535AA /* Base */,
			);
			name = Main.storyboard;
			sourceTree = "<group>";
		};
		A427F30F23DD0759009535AA /* LaunchScreen.storyboard */ = {
			isa = PBXVariantGroup;
			children = (
				A427F31023DD0759009535AA /* Base */,
			);
			name = LaunchScreen.storyboard;
			sourceTree = "<group>";
		};
/* End PBXVariantGroup section */

/* Begin XCBuildConfiguration section */
		A427F31323DD0759009535AA /* Debug */ = {
			isa = XCBuildConfiguration;
			buildSettings = {
				ALWAYS_SEARCH_USER_PATHS = NO;
				CLANG_ANALYZER_NONNULL = YES;
				CLANG_ANALYZER_NUMBER_OBJECT_CONVERSION = YES_AGGRESSIVE;
				CLANG_CXX_LANGUAGE_STANDARD = "gnu++14";
				CLANG_CXX_LIBRARY = "libc++";
				CLANG_ENABLE_MODULES = YES;
				CLANG_ENABLE_OBJC_ARC = YES;
				CLANG_ENABLE_OBJC_WEAK = YES;
				CLANG_WARN_BLOCK_CAPTURE_AUTORELEASING = YES;
				CLANG_WARN_BOOL_CONVERSION = YES;
				CLANG_WARN_COMMA = YES;
				CLANG_WARN_CONSTANT_CONVERSION = YES;
				CLANG_WARN_DEPRECATED_OBJC_IMPLEMENTATIONS = YES;
				CLANG_WARN_DIRECT_OBJC_ISA_USAGE = YES_ERROR;
				CLANG_WARN_DOCUMENTATION_COMMENTS = YES;
				CLANG_WARN_EMPTY_BODY = YES;
				CLANG_WARN_ENUM_CONVERSION = YES;
				CLANG_WARN_INFINITE_RECURSION = YES;
				CLANG_WARN_INT_CONVERSION = YES;
				CLANG_WARN_NON_LITERAL_NULL_CONVERSION = YES;
				CLANG_WARN_OBJC_IMPLICIT_RETAIN_SELF = YES;
				CLANG_WARN_OBJC_LITERAL_CONVERSION = YES;
				CLANG_WARN_OBJC_ROOT_CLASS = YES_ERROR;
				CLANG_WARN_RANGE_LOOP_ANALYSIS = YES;
				CLANG_WARN_STRICT_PROTOTYPES = YES;
				CLANG_WARN_SUSPICIOUS_MOVE = YES;
				CLANG_WARN_UNGUARDED_AVAILABILITY = YES_AGGRESSIVE;
				CLANG_WARN_UNREACHABLE_CODE = YES;
				CLANG_WARN__DUPLICATE_METHOD_MATCH = YES;
				COPY_PHASE_STRIP = NO;
				DEBUG_INFORMATION_FORMAT = dwarf;
				ENABLE_STRICT_OBJC_MSGSEND = YES;
				ENABLE_TESTABILITY = YES;
				GCC_C_LANGUAGE_STANDARD = gnu11;
				GCC_DYNAMIC_NO_PIC = NO;
				GCC_NO_COMMON_BLOCKS = YES;
				GCC_OPTIMIZATION_LEVEL = 0;
				GCC_PREPROCESSOR_DEFINITIONS = (
					"DEBUG=1",
					"$(inherited)",
				);
				GCC_WARN_64_TO_32_BIT_CONVERSION = YES;
				GCC_WARN_ABOUT_RETURN_TYPE = YES_ERROR;
				GCC_WARN_UNDECLARED_SELECTOR = YES;
				GCC_WARN_UNINITIALIZED_AUTOS = YES_AGGRESSIVE;
				GCC_WARN_UNUSED_FUNCTION = YES;
				GCC_WARN_UNUSED_VARIABLE = YES;
				IPHONEOS_DEPLOYMENT_TARGET = 13.2;
				MTL_ENABLE_DEBUG_INFO = INCLUDE_SOURCE;
				MTL_FAST_MATH = YES;
				ONLY_ACTIVE_ARCH = YES;
				SDKROOT = iphoneos;
				SWIFT_ACTIVE_COMPILATION_CONDITIONS = DEBUG;
				SWIFT_OPTIMIZATION_LEVEL = "-Onone";
			};
			name = Debug;
		};
		A427F31423DD0759009535AA /* Release */ = {
			isa = XCBuildConfiguration;
			buildSettings = {
				ALWAYS_SEARCH_USER_PATHS = NO;
				CLANG_ANALYZER_NONNULL = YES;
				CLANG_ANALYZER_NUMBER_OBJECT_CONVERSION = YES_AGGRESSIVE;
				CLANG_CXX_LANGUAGE_STANDARD = "gnu++14";
				CLANG_CXX_LIBRARY = "libc++";
				CLANG_ENABLE_MODULES = YES;
				CLANG_ENABLE_OBJC_ARC = YES;
				CLANG_ENABLE_OBJC_WEAK = YES;
				CLANG_WARN_BLOCK_CAPTURE_AUTORELEASING = YES;
				CLANG_WARN_BOOL_CONVERSION = YES;
				CLANG_WARN_COMMA = YES;
				CLANG_WARN_CONSTANT_CONVERSION = YES;
				CLANG_WARN_DEPRECATED_OBJC_IMPLEMENTATIONS = YES;
				CLANG_WARN_DIRECT_OBJC_ISA_USAGE = YES_ERROR;
				CLANG_WARN_DOCUMENTATION_COMMENTS = YES;
				CLANG_WARN_EMPTY_BODY = YES;
				CLANG_WARN_ENUM_CONVERSION = YES;
				CLANG_WARN_INFINITE_RECURSION = YES;
				CLANG_WARN_INT_CONVERSION = YES;
				CLANG_WARN_NON_LITERAL_NULL_CONVERSION = YES;
				CLANG_WARN_OBJC_IMPLICIT_RETAIN_SELF = YES;
				CLANG_WARN_OBJC_LITERAL_CONVERSION = YES;
				CLANG_WARN_OBJC_ROOT_CLASS = YES_ERROR;
				CLANG_WARN_RANGE_LOOP_ANALYSIS = YES;
				CLANG_WARN_STRICT_PROTOTYPES = YES;
				CLANG_WARN_SUSPICIOUS_MOVE = YES;
				CLANG_WARN_UNGUARDED_AVAILABILITY = YES_AGGRESSIVE;
				CLANG_WARN_UNREACHABLE_CODE = YES;
				CLANG_WARN__DUPLICATE_METHOD_MATCH = YES;
				COPY_PHASE_STRIP = NO;
				DEBUG_INFORMATION_FORMAT = "dwarf-with-dsym";
				ENABLE_NS_ASSERTIONS = NO;
				ENABLE_STRICT_OBJC_MSGSEND = YES;
				GCC_C_LANGUAGE_STANDARD = gnu11;
				GCC_NO_COMMON_BLOCKS = YES;
				GCC_WARN_64_TO_32_BIT_CONVERSION = YES;
				GCC_WARN_ABOUT_RETURN_TYPE = YES_ERROR;
				GCC_WARN_UNDECLARED_SELECTOR = YES;
				GCC_WARN_UNINITIALIZED_AUTOS = YES_AGGRESSIVE;
				GCC_WARN_UNUSED_FUNCTION = YES;
				GCC_WARN_UNUSED_VARIABLE = YES;
				IPHONEOS_DEPLOYMENT_TARGET = 13.2;
				MTL_ENABLE_DEBUG_INFO = NO;
				MTL_FAST_MATH = YES;
				SDKROOT = iphoneos;
				SWIFT_COMPILATION_MODE = wholemodule;
				SWIFT_OPTIMIZATION_LEVEL = "-O";
				VALIDATE_PRODUCT = YES;
			};
			name = Release;
		};
		A427F31623DD0759009535AA /* Debug */ = {
			isa = XCBuildConfiguration;
			baseConfigurationReference = 7FD8DA989DB163AE8CC08590 /* Pods-QWER-Hacks Project.debug.xcconfig */;
			buildSettings = {
				ASSETCATALOG_COMPILER_APPICON_NAME = AppIcon;
				CODE_SIGN_STYLE = Automatic;
				DEVELOPMENT_TEAM = HPW4K7SFXL;
				INFOPLIST_FILE = "QWER-Hacks Project/Info.plist";
				LD_RUNPATH_SEARCH_PATHS = (
					"$(inherited)",
					"@executable_path/Frameworks",
				);
				PRODUCT_BUNDLE_IDENTIFIER = "com.adithyanair.QWER-Hacks-Project";
				PRODUCT_NAME = BruinTrash;
				SWIFT_VERSION = 5.0;
				TARGETED_DEVICE_FAMILY = "1,2";
			};
			name = Debug;
		};
		A427F31723DD0759009535AA /* Release */ = {
			isa = XCBuildConfiguration;
			baseConfigurationReference = 769CF4120171E13142E2EFB8 /* Pods-QWER-Hacks Project.release.xcconfig */;
			buildSettings = {
				ASSETCATALOG_COMPILER_APPICON_NAME = AppIcon;
				CODE_SIGN_STYLE = Automatic;
				DEVELOPMENT_TEAM = HPW4K7SFXL;
				INFOPLIST_FILE = "QWER-Hacks Project/Info.plist";
				LD_RUNPATH_SEARCH_PATHS = (
					"$(inherited)",
					"@executable_path/Frameworks",
				);
				PRODUCT_BUNDLE_IDENTIFIER = "com.adithyanair.QWER-Hacks-Project";
				PRODUCT_NAME = BruinTrash;
				SWIFT_VERSION = 5.0;
				TARGETED_DEVICE_FAMILY = "1,2";
			};
			name = Release;
		};
/* End XCBuildConfiguration section */

/* Begin XCConfigurationList section */
		A427F2FC23DD0756009535AA /* Build configuration list for PBXProject "QWER-Hacks Project" */ = {
			isa = XCConfigurationList;
			buildConfigurations = (
				A427F31323DD0759009535AA /* Debug */,
				A427F31423DD0759009535AA /* Release */,
			);
			defaultConfigurationIsVisible = 0;
			defaultConfigurationName = Release;
		};
		A427F31523DD0759009535AA /* Build configuration list for PBXNativeTarget "QWER-Hacks Project" */ = {
			isa = XCConfigurationList;
			buildConfigurations = (
				A427F31623DD0759009535AA /* Debug */,
				A427F31723DD0759009535AA /* Release */,
			);
			defaultConfigurationIsVisible = 0;
			defaultConfigurationName = Release;
		};
/* End XCConfigurationList section */
	};
	rootObject = A427F2F923DD0756009535AA /* Project object */;
}
